
Microsoft Visual Studio Solution File, Format Version 12.00
# Visual Studio Version 17
VisualStudioVersion = 17.9.34728.123
MinimumVisualStudioVersion = 10.0.40219.1
Project("{2150E333-8FDC-42A3-9474-1A3956D46DE8}") = "Services", "Services", "{D933979E-EEA2-4C68-B5BD-B008D72EF60C}"
EndProject
Project("{2150E333-8FDC-42A3-9474-1A3956D46DE8}") = "Catalog", "Catalog", "{5D257073-02B3-49E1-AAF0-422EF1218634}"
EndProject
Project("{9A19103F-16F7-4668-BE54-9A1E7A4F7556}") = "Catalog.API", "Services\Catalog\Catalog.API\Catalog.API.csproj", "{9F632A9A-E933-472B-ABB0-E673E6C5C7C4}"
EndProject
Project("{2150E333-8FDC-42A3-9474-1A3956D46DE8}") = "BuildingBlocks", "BuildingBlocks", "{5427EA0A-1368-4F94-AADC-F23D9463FE52}"
EndProject
Project("{9A19103F-16F7-4668-BE54-9A1E7A4F7556}") = "BuildingBlocks", "BuildingBlocks\BuildingBlocks\BuildingBlocks.csproj", "{88BB9C21-2816-4321-B023-8D87527F089F}"
EndProject
Project("{E53339B2-1760-4266-BCC7-CA923CBCF16C}") = "docker-compose", "docker-compose.dcproj", "{211796B1-B6BB-42BE-B688-44FFDDC0CD3E}"
EndProject
Project("{2150E333-8FDC-42A3-9474-1A3956D46DE8}") = "Basket", "Basket", "{BF73C911-7EC8-4AAA-9D35-E3C2224A7C18}"
EndProject
Project("{9A19103F-16F7-4668-BE54-9A1E7A4F7556}") = "Basket.API", "Services\Basket\Basket.API\Basket.API.csproj", "{D1D856FE-E676-491B-A312-02032BAEABD7}"
EndProject
Project("{2150E333-8FDC-42A3-9474-1A3956D46DE8}") = "Discount", "Discount", "{A573AA64-B1BC-43FD-A474-FC9CB2C0E8CB}"
EndProject
Project("{FAE04EC0-301F-11D3-BF4B-00C04F79EFBC}") = "Discount.gRPC.API", "Services\Discount\Discount.gRPC.API\Discount.gRPC.API.csproj", "{E2C694E2-A84E-43AA-9E3E-3D95CE8F8CD2}"
EndProject
Global
	GlobalSection(SolutionConfigurationPlatforms) = preSolution
		Debug|Any CPU = Debug|Any CPU
		Release|Any CPU = Release|Any CPU
	EndGlobalSection
	GlobalSection(ProjectConfigurationPlatforms) = postSolution
		{9F632A9A-E933-472B-ABB0-E673E6C5C7C4}.Debug|Any CPU.ActiveCfg = Debug|Any CPU
		{9F632A9A-E933-472B-ABB0-E673E6C5C7C4}.Debug|Any CPU.Build.0 = Debug|Any CPU
		{9F632A9A-E933-472B-ABB0-E673E6C5C7C4}.Release|Any CPU.ActiveCfg = Release|Any CPU
		{9F632A9A-E933-472B-ABB0-E673E6C5C7C4}.Release|Any CPU.Build.0 = Release|Any CPU
		{88BB9C21-2816-4321-B023-8D87527F089F}.Debug|Any CPU.ActiveCfg = Debug|Any CPU
		{88BB9C21-2816-4321-B023-8D87527F089F}.Debug|Any CPU.Build.0 = Debug|Any CPU
		{88BB9C21-2816-4321-B023-8D87527F089F}.Release|Any CPU.ActiveCfg = Release|Any CPU
		{88BB9C21-2816-4321-B023-8D87527F089F}.Release|Any CPU.Build.0 = Release|Any CPU
		{211796B1-B6BB-42BE-B688-44FFDDC0CD3E}.Debug|Any CPU.ActiveCfg = Debug|Any CPU
		{211796B1-B6BB-42BE-B688-44FFDDC0CD3E}.Debug|Any CPU.Build.0 = Debug|Any CPU
		{211796B1-B6BB-42BE-B688-44FFDDC0CD3E}.Release|Any CPU.ActiveCfg = Release|Any CPU
		{211796B1-B6BB-42BE-B688-44FFDDC0CD3E}.Release|Any CPU.Build.0 = Release|Any CPU
		{D1D856FE-E676-491B-A312-02032BAEABD7}.Debug|Any CPU.ActiveCfg = Debug|Any CPU
		{D1D856FE-E676-491B-A312-02032BAEABD7}.Debug|Any CPU.Build.0 = Debug|Any CPU
		{D1D856FE-E676-491B-A312-02032BAEABD7}.Release|Any CPU.ActiveCfg = Release|Any CPU
		{D1D856FE-E676-491B-A312-02032BAEABD7}.Release|Any CPU.Build.0 = Release|Any CPU
		{E2C694E2-A84E-43AA-9E3E-3D95CE8F8CD2}.Debug|Any CPU.ActiveCfg = Debug|Any CPU
		{E2C694E2-A84E-43AA-9E3E-3D95CE8F8CD2}.Debug|Any CPU.Build.0 = Debug|Any CPU
		{E2C694E2-A84E-43AA-9E3E-3D95CE8F8CD2}.Release|Any CPU.ActiveCfg = Release|Any CPU
		{E2C694E2-A84E-43AA-9E3E-3D95CE8F8CD2}.Release|Any CPU.Build.0 = Release|Any CPU
	EndGlobalSection
	GlobalSection(SolutionProperties) = preSolution
		HideSolutionNode = FALSE
	EndGlobalSection
	GlobalSection(NestedProjects) = preSolution
		{5D257073-02B3-49E1-AAF0-422EF1218634} = {D933979E-EEA2-4C68-B5BD-B008D72EF60C}
		{9F632A9A-E933-472B-ABB0-E673E6C5C7C4} = {5D257073-02B3-49E1-AAF0-422EF1218634}
		{88BB9C21-2816-4321-B023-8D87527F089F} = {5427EA0A-1368-4F94-AADC-F23D9463FE52}
		{BF73C911-7EC8-4AAA-9D35-E3C2224A7C18} = {D933979E-EEA2-4C68-B5BD-B008D72EF60C}
		{D1D856FE-E676-491B-A312-02032BAEABD7} = {BF73C911-7EC8-4AAA-9D35-E3C2224A7C18}
		{A573AA64-B1BC-43FD-A474-FC9CB2C0E8CB} = {D933979E-EEA2-4C68-B5BD-B008D72EF60C}
		{E2C694E2-A84E-43AA-9E3E-3D95CE8F8CD2} = {A573AA64-B1BC-43FD-A474-FC9CB2C0E8CB}
	EndGlobalSection
	GlobalSection(ExtensibilityGlobals) = postSolution
		SolutionGuid = {BE215440-105A-4A8A-B83B-FE7BAC8AA38D}
	EndGlobalSection
EndGlobal
